
Microsoft Visual Studio Solution File, Format Version 11.00
# Visual Studio 2010
Project("{FAE04EC0-301F-11D3-BF4B-00C04F79EFBC}") = "DG410517980", "Assembly-CSharp-firstpass.csproj", "{0EFE6B5F-10CC-D912-0DCA-11EA0F49389B}"
EndProject
Project("{FAE04EC0-301F-11D3-BF4B-00C04F79EFBC}") = "DG410517980", "Assembly-CSharp.csproj", "{5C8F6ADC-5F38-415F-9EAE-1479A71BE82D}"
EndProject
Project("{FAE04EC0-301F-11D3-BF4B-00C04F79EFBC}") = "DG410517980", "Assembly-CSharp-Editor-firstpass.csproj", "{83141014-C4DE-512E-B6E6-46132A3A0450}"
EndProject
Global
	GlobalSection(SolutionConfigurationPlatforms) = preSolution
		Debug|Any CPU = Debug|Any CPU
		Release|Any CPU = Release|Any CPU
	EndGlobalSection
	GlobalSection(ProjectConfigurationPlatforms) = postSolution
		{0EFE6B5F-10CC-D912-0DCA-11EA0F49389B}.Debug|Any CPU.ActiveCfg = Debug|Any CPU
		{0EFE6B5F-10CC-D912-0DCA-11EA0F49389B}.Debug|Any CPU.Build.0 = Debug|Any CPU
		{0EFE6B5F-10CC-D912-0DCA-11EA0F49389B}.Release|Any CPU.ActiveCfg = Release|Any CPU
		{0EFE6B5F-10CC-D912-0DCA-11EA0F49389B}.Release|Any CPU.Build.0 = Release|Any CPU
		{5C8F6ADC-5F38-415F-9EAE-1479A71BE82D}.Debug|Any CPU.ActiveCfg = Debug|Any CPU
		{5C8F6ADC-5F38-415F-9EAE-1479A71BE82D}.Debug|Any CPU.Build.0 = Debug|Any CPU
		{5C8F6ADC-5F38-415F-9EAE-1479A71BE82D}.Release|Any CPU.ActiveCfg = Release|Any CPU
		{5C8F6ADC-5F38-415F-9EAE-1479A71BE82D}.Release|Any CPU.Build.0 = Release|Any CPU
		{83141014-C4DE-512E-B6E6-46132A3A0450}.Debug|Any CPU.ActiveCfg = Debug|Any CPU
		{83141014-C4DE-512E-B6E6-46132A3A0450}.Debug|Any CPU.Build.0 = Debug|Any CPU
		{83141014-C4DE-512E-B6E6-46132A3A0450}.Release|Any CPU.ActiveCfg = Release|Any CPU
		{83141014-C4DE-512E-B6E6-46132A3A0450}.Release|Any CPU.Build.0 = Release|Any CPU
	EndGlobalSection
	GlobalSection(SolutionProperties) = preSolution
		HideSolutionNode = FALSE
	EndGlobalSection
	GlobalSection(MonoDevelopProperties) = preSolution
		StartupItem = Assembly-CSharp.csproj
	EndGlobalSection
EndGlobal
